
Microsoft Visual Studio Solution File, Format Version 12.00
# Visual Studio Version 17
VisualStudioVersion = 17.9.34616.47
MinimumVisualStudioVersion = 10.0.40219.1
Project("{FAE04EC0-301F-11D3-BF4B-00C04F79EFBC}") = "Notif", "Notif\Notif.csproj", "{739E86E9-CF59-43FF-AA7C-892FAEAF3381}"
EndProject
Global
	GlobalSection(SolutionConfigurationPlatforms) = preSolution
		Debug|Any CPU = Debug|Any CPU
		Release|Any CPU = Release|Any CPU
	EndGlobalSection
	GlobalSection(ProjectConfigurationPlatforms) = postSolution
		{739E86E9-CF59-43FF-AA7C-892FAEAF3381}.Debug|Any CPU.ActiveCfg = Debug|Any CPU
		{739E86E9-CF59-43FF-AA7C-892FAEAF3381}.Debug|Any CPU.Build.0 = Debug|Any CPU
		{739E86E9-CF59-43FF-AA7C-892FAEAF3381}.Release|Any CPU.ActiveCfg = Release|Any CPU
		{739E86E9-CF59-43FF-AA7C-892FAEAF3381}.Release|Any CPU.Build.0 = Release|Any CPU
	EndGlobalSection
	GlobalSection(SolutionProperties) = preSolution
		HideSolutionNode = FALSE
	EndGlobalSection
	GlobalSection(ExtensibilityGlobals) = postSolution
		SolutionGuid = {D0965642-DC09-489F-B973-535E76CBACAD}
	EndGlobalSection
EndGlobal
